
Microsoft Visual Studio Solution File, Format Version 12.00
# Visual Studio Version 16
VisualStudioVersion = 16.0.30611.23
MinimumVisualStudioVersion = 10.0.40219.1
Project("{FAE04EC0-301F-11D3-BF4B-00C04F79EFBC}") = "JuicySwapper_Installer", "JuicySwapper_Installer\JuicySwapper_Installer.csproj", "{3800321E-1B80-475D-827E-AFE7F7E21358}"
EndProject
Project("{FAE04EC0-301F-11D3-BF4B-00C04F79EFBC}") = "JuicySwapper_Updater", "JuicySwapper_Updater\JuicySwapper_Updater.csproj", "{040B2C75-2E32-425A-A349-535C3D5A2D20}"
EndProject
Project("{FAE04EC0-301F-11D3-BF4B-00C04F79EFBC}") = "JuicySwapper_OffsetFinder", "JuicySwapper_OffsetFinder\JuicySwapper_OffsetFinder.csproj", "{1E7665DC-1F93-4653-B4D5-532EE02F0C7B}"
EndProject
Project("{FAE04EC0-301F-11D3-BF4B-00C04F79EFBC}") = "JuicySwapper_Account", "JuicySwapper_Account\JuicySwapper_Account.csproj", "{08DD7C1A-B43A-4C9D-8CBD-4569A7CA8E0D}"
EndProject
Project("{FAE04EC0-301F-11D3-BF4B-00C04F79EFBC}") = "JuicySwapper_Encryption", "JuicySwapper_Encryption\JuicySwapper_Encryption.csproj", "{58B932B7-CB2D-4375-9141-8E1AD75DB347}"
EndProject
Project("{FAE04EC0-301F-11D3-BF4B-00C04F79EFBC}") = "JuicySwapper", "JuicySwapper\JuicySwapper.csproj", "{4D8BCAAC-874B-4730-B1DC-A3147345B29B}"
EndProject
Project("{FAE04EC0-301F-11D3-BF4B-00C04F79EFBC}") = "JuicySwapper_Default", "JuicySwapper_Default\JuicySwapper_Default.csproj", "{A7684919-DD21-42BB-B564-27A4089BA59A}"
EndProject
Project("{FAE04EC0-301F-11D3-BF4B-00C04F79EFBC}") = "JuicySwapper_Launcher", "JuicySwapper_Launcher\JuicySwapper_Launcher.csproj", "{4191D7A6-C17C-476B-A7CC-F4953273F15E}"
EndProject
Project("{FAE04EC0-301F-11D3-BF4B-00C04F79EFBC}") = "JuicySwapper_PakFixer", "JuicySwapper_PakFixer\JuicySwapper_PakFixer.csproj", "{334FF9B9-FAC0-4046-BAD2-D42A5B9B10AA}"
EndProject
Project("{9A19103F-16F7-4668-BE54-9A1E7A4F7556}") = "JuicySwapper_V2", "JuicySwapper_V2\JuicySwapper_V2.csproj", "{5F565DBD-D010-45F0-909F-C7B409A570ED}"
EndProject
Project("{9A19103F-16F7-4668-BE54-9A1E7A4F7556}") = "CUE4Parse", "..\..\CUE4\CUE4Parse\CUE4Parse.csproj", "{7F2E2374-2394-41FD-B482-0C1C9A6092B9}"
EndProject
Global
	GlobalSection(SolutionConfigurationPlatforms) = preSolution
		Debug|Any CPU = Debug|Any CPU
		kaede|Any CPU = kaede|Any CPU
		Release|Any CPU = Release|Any CPU
		Swapper [Prod]|Any CPU = Swapper [Prod]|Any CPU
		Swapper|Any CPU = Swapper|Any CPU
	EndGlobalSection
	GlobalSection(ProjectConfigurationPlatforms) = postSolution
		{3800321E-1B80-475D-827E-AFE7F7E21358}.Debug|Any CPU.ActiveCfg = Debug|Any CPU
		{3800321E-1B80-475D-827E-AFE7F7E21358}.Debug|Any CPU.Build.0 = Debug|Any CPU
		{3800321E-1B80-475D-827E-AFE7F7E21358}.kaede|Any CPU.ActiveCfg = kaede|Any CPU
		{3800321E-1B80-475D-827E-AFE7F7E21358}.kaede|Any CPU.Build.0 = kaede|Any CPU
		{3800321E-1B80-475D-827E-AFE7F7E21358}.Release|Any CPU.ActiveCfg = Release|Any CPU
		{3800321E-1B80-475D-827E-AFE7F7E21358}.Release|Any CPU.Build.0 = Release|Any CPU
		{3800321E-1B80-475D-827E-AFE7F7E21358}.Swapper [Prod]|Any CPU.ActiveCfg = Swapper|Any CPU
		{3800321E-1B80-475D-827E-AFE7F7E21358}.Swapper [Prod]|Any CPU.Build.0 = Swapper|Any CPU
		{3800321E-1B80-475D-827E-AFE7F7E21358}.Swapper|Any CPU.ActiveCfg = Swapper|Any CPU
		{3800321E-1B80-475D-827E-AFE7F7E21358}.Swapper|Any CPU.Build.0 = Swapper|Any CPU
		{040B2C75-2E32-425A-A349-535C3D5A2D20}.Debug|Any CPU.ActiveCfg = Debug|Any CPU
		{040B2C75-2E32-425A-A349-535C3D5A2D20}.Debug|Any CPU.Build.0 = Debug|Any CPU
		{040B2C75-2E32-425A-A349-535C3D5A2D20}.kaede|Any CPU.ActiveCfg = kaede|Any CPU
		{040B2C75-2E32-425A-A349-535C3D5A2D20}.kaede|Any CPU.Build.0 = kaede|Any CPU
		{040B2C75-2E32-425A-A349-535C3D5A2D20}.Release|Any CPU.ActiveCfg = Release|Any CPU
		{040B2C75-2E32-425A-A349-535C3D5A2D20}.Release|Any CPU.Build.0 = Release|Any CPU
		{040B2C75-2E32-425A-A349-535C3D5A2D20}.Swapper [Prod]|Any CPU.ActiveCfg = Swapper|Any CPU
		{040B2C75-2E32-425A-A349-535C3D5A2D20}.Swapper [Prod]|Any CPU.Build.0 = Swapper|Any CPU
		{040B2C75-2E32-425A-A349-535C3D5A2D20}.Swapper|Any CPU.ActiveCfg = Swapper|Any CPU
		{040B2C75-2E32-425A-A349-535C3D5A2D20}.Swapper|Any CPU.Build.0 = Swapper|Any CPU
		{1E7665DC-1F93-4653-B4D5-532EE02F0C7B}.Debug|Any CPU.ActiveCfg = Debug|Any CPU
		{1E7665DC-1F93-4653-B4D5-532EE02F0C7B}.Debug|Any CPU.Build.0 = Debug|Any CPU
		{1E7665DC-1F93-4653-B4D5-532EE02F0C7B}.kaede|Any CPU.ActiveCfg = kaede|Any CPU
		{1E7665DC-1F93-4653-B4D5-532EE02F0C7B}.kaede|Any CPU.Build.0 = kaede|Any CPU
		{1E7665DC-1F93-4653-B4D5-532EE02F0C7B}.Release|Any CPU.ActiveCfg = Release|Any CPU
		{1E7665DC-1F93-4653-B4D5-532EE02F0C7B}.Release|Any CPU.Build.0 = Release|Any CPU
		{1E7665DC-1F93-4653-B4D5-532EE02F0C7B}.Swapper [Prod]|Any CPU.ActiveCfg = Swapper|Any CPU
		{1E7665DC-1F93-4653-B4D5-532EE02F0C7B}.Swapper [Prod]|Any CPU.Build.0 = Swapper|Any CPU
		{1E7665DC-1F93-4653-B4D5-532EE02F0C7B}.Swapper|Any CPU.ActiveCfg = Swapper|Any CPU
		{1E7665DC-1F93-4653-B4D5-532EE02F0C7B}.Swapper|Any CPU.Build.0 = Swapper|Any CPU
		{08DD7C1A-B43A-4C9D-8CBD-4569A7CA8E0D}.Debug|Any CPU.ActiveCfg = Debug|Any CPU
		{08DD7C1A-B43A-4C9D-8CBD-4569A7CA8E0D}.Debug|Any CPU.Build.0 = Debug|Any CPU
		{08DD7C1A-B43A-4C9D-8CBD-4569A7CA8E0D}.kaede|Any CPU.ActiveCfg = kaede|Any CPU
		{08DD7C1A-B43A-4C9D-8CBD-4569A7CA8E0D}.kaede|Any CPU.Build.0 = kaede|Any CPU
		{08DD7C1A-B43A-4C9D-8CBD-4569A7CA8E0D}.Release|Any CPU.ActiveCfg = Release|Any CPU
		{08DD7C1A-B43A-4C9D-8CBD-4569A7CA8E0D}.Release|Any CPU.Build.0 = Release|Any CPU
		{08DD7C1A-B43A-4C9D-8CBD-4569A7CA8E0D}.Swapper [Prod]|Any CPU.ActiveCfg = Swapper|Any CPU
		{08DD7C1A-B43A-4C9D-8CBD-4569A7CA8E0D}.Swapper [Prod]|Any CPU.Build.0 = Swapper|Any CPU
		{08DD7C1A-B43A-4C9D-8CBD-4569A7CA8E0D}.Swapper|Any CPU.ActiveCfg = Swapper|Any CPU
		{08DD7C1A-B43A-4C9D-8CBD-4569A7CA8E0D}.Swapper|Any CPU.Build.0 = Swapper|Any CPU
		{58B932B7-CB2D-4375-9141-8E1AD75DB347}.Debug|Any CPU.ActiveCfg = Debug|Any CPU
		{58B932B7-CB2D-4375-9141-8E1AD75DB347}.Debug|Any CPU.Build.0 = Debug|Any CPU
		{58B932B7-CB2D-4375-9141-8E1AD75DB347}.kaede|Any CPU.ActiveCfg = kaede|Any CPU
		{58B932B7-CB2D-4375-9141-8E1AD75DB347}.kaede|Any CPU.Build.0 = kaede|Any CPU
		{58B932B7-CB2D-4375-9141-8E1AD75DB347}.Release|Any CPU.ActiveCfg = Release|Any CPU
		{58B932B7-CB2D-4375-9141-8E1AD75DB347}.Release|Any CPU.Build.0 = Release|Any CPU
		{58B932B7-CB2D-4375-9141-8E1AD75DB347}.Swapper [Prod]|Any CPU.ActiveCfg = Swapper|Any CPU
		{58B932B7-CB2D-4375-9141-8E1AD75DB347}.Swapper [Prod]|Any CPU.Build.0 = Swapper|Any CPU
		{58B932B7-CB2D-4375-9141-8E1AD75DB347}.Swapper|Any CPU.ActiveCfg = Swapper|Any CPU
		{58B932B7-CB2D-4375-9141-8E1AD75DB347}.Swapper|Any CPU.Build.0 = Swapper|Any CPU
		{4D8BCAAC-874B-4730-B1DC-A3147345B29B}.Debug|Any CPU.ActiveCfg = Debug|Any CPU
		{4D8BCAAC-874B-4730-B1DC-A3147345B29B}.Debug|Any CPU.Build.0 = Debug|Any CPU
		{4D8BCAAC-874B-4730-B1DC-A3147345B29B}.kaede|Any CPU.ActiveCfg = kaede|Any CPU
		{4D8BCAAC-874B-4730-B1DC-A3147345B29B}.kaede|Any CPU.Build.0 = kaede|Any CPU
		{4D8BCAAC-874B-4730-B1DC-A3147345B29B}.Release|Any CPU.ActiveCfg = Release|Any CPU
		{4D8BCAAC-874B-4730-B1DC-A3147345B29B}.Release|Any CPU.Build.0 = Release|Any CPU
		{4D8BCAAC-874B-4730-B1DC-A3147345B29B}.Swapper [Prod]|Any CPU.ActiveCfg = Swapper|Any CPU
		{4D8BCAAC-874B-4730-B1DC-A3147345B29B}.Swapper [Prod]|Any CPU.Build.0 = Swapper|Any CPU
		{4D8BCAAC-874B-4730-B1DC-A3147345B29B}.Swapper|Any CPU.ActiveCfg = Swapper|Any CPU
		{4D8BCAAC-874B-4730-B1DC-A3147345B29B}.Swapper|Any CPU.Build.0 = Swapper|Any CPU
		{A7684919-DD21-42BB-B564-27A4089BA59A}.Debug|Any CPU.ActiveCfg = Debug|Any CPU
		{A7684919-DD21-42BB-B564-27A4089BA59A}.Debug|Any CPU.Build.0 = Debug|Any CPU
		{A7684919-DD21-42BB-B564-27A4089BA59A}.kaede|Any CPU.ActiveCfg = Debug|Any CPU
		{A7684919-DD21-42BB-B564-27A4089BA59A}.kaede|Any CPU.Build.0 = Debug|Any CPU
		{A7684919-DD21-42BB-B564-27A4089BA59A}.Release|Any CPU.ActiveCfg = Release|Any CPU
		{A7684919-DD21-42BB-B564-27A4089BA59A}.Release|Any CPU.Build.0 = Release|Any CPU
		{A7684919-DD21-42BB-B564-27A4089BA59A}.Swapper [Prod]|Any CPU.ActiveCfg = Debug|Any CPU
		{A7684919-DD21-42BB-B564-27A4089BA59A}.Swapper [Prod]|Any CPU.Build.0 = Debug|Any CPU
		{A7684919-DD21-42BB-B564-27A4089BA59A}.Swapper|Any CPU.ActiveCfg = Debug|Any CPU
		{A7684919-DD21-42BB-B564-27A4089BA59A}.Swapper|Any CPU.Build.0 = Debug|Any CPU
		{4191D7A6-C17C-476B-A7CC-F4953273F15E}.Debug|Any CPU.ActiveCfg = Debug|Any CPU
		{4191D7A6-C17C-476B-A7CC-F4953273F15E}.Debug|Any CPU.Build.0 = Debug|Any CPU
		{4191D7A6-C17C-476B-A7CC-F4953273F15E}.kaede|Any CPU.ActiveCfg = Debug|Any CPU
		{4191D7A6-C17C-476B-A7CC-F4953273F15E}.kaede|Any CPU.Build.0 = Debug|Any CPU
		{4191D7A6-C17C-476B-A7CC-F4953273F15E}.Release|Any CPU.ActiveCfg = Release|Any CPU
		{4191D7A6-C17C-476B-A7CC-F4953273F15E}.Release|Any CPU.Build.0 = Release|Any CPU
		{4191D7A6-C17C-476B-A7CC-F4953273F15E}.Swapper [Prod]|Any CPU.ActiveCfg = Debug|Any CPU
		{4191D7A6-C17C-476B-A7CC-F4953273F15E}.Swapper [Prod]|Any CPU.Build.0 = Debug|Any CPU
		{4191D7A6-C17C-476B-A7CC-F4953273F15E}.Swapper|Any CPU.ActiveCfg = Debug|Any CPU
		{4191D7A6-C17C-476B-A7CC-F4953273F15E}.Swapper|Any CPU.Build.0 = Debug|Any CPU
		{334FF9B9-FAC0-4046-BAD2-D42A5B9B10AA}.Debug|Any CPU.ActiveCfg = Debug|Any CPU
		{334FF9B9-FAC0-4046-BAD2-D42A5B9B10AA}.Debug|Any CPU.Build.0 = Debug|Any CPU
		{334FF9B9-FAC0-4046-BAD2-D42A5B9B10AA}.kaede|Any CPU.ActiveCfg = Debug|Any CPU
		{334FF9B9-FAC0-4046-BAD2-D42A5B9B10AA}.kaede|Any CPU.Build.0 = Debug|Any CPU
		{334FF9B9-FAC0-4046-BAD2-D42A5B9B10AA}.Release|Any CPU.ActiveCfg = Release|Any CPU
		{334FF9B9-FAC0-4046-BAD2-D42A5B9B10AA}.Release|Any CPU.Build.0 = Release|Any CPU
		{334FF9B9-FAC0-4046-BAD2-D42A5B9B10AA}.Swapper [Prod]|Any CPU.ActiveCfg = Debug|Any CPU
		{334FF9B9-FAC0-4046-BAD2-D42A5B9B10AA}.Swapper [Prod]|Any CPU.Build.0 = Debug|Any CPU
		{334FF9B9-FAC0-4046-BAD2-D42A5B9B10AA}.Swapper|Any CPU.ActiveCfg = Debug|Any CPU
		{334FF9B9-FAC0-4046-BAD2-D42A5B9B10AA}.Swapper|Any CPU.Build.0 = Debug|Any CPU
		{5F565DBD-D010-45F0-909F-C7B409A570ED}.Debug|Any CPU.ActiveCfg = Debug|Any CPU
		{5F565DBD-D010-45F0-909F-C7B409A570ED}.Debug|Any CPU.Build.0 = Debug|Any CPU
		{5F565DBD-D010-45F0-909F-C7B409A570ED}.kaede|Any CPU.ActiveCfg = Debug|Any CPU
		{5F565DBD-D010-45F0-909F-C7B409A570ED}.kaede|Any CPU.Build.0 = Debug|Any CPU
		{5F565DBD-D010-45F0-909F-C7B409A570ED}.Release|Any CPU.ActiveCfg = Release|Any CPU
		{5F565DBD-D010-45F0-909F-C7B409A570ED}.Release|Any CPU.Build.0 = Release|Any CPU
		{5F565DBD-D010-45F0-909F-C7B409A570ED}.Swapper [Prod]|Any CPU.ActiveCfg = Debug|Any CPU
		{5F565DBD-D010-45F0-909F-C7B409A570ED}.Swapper [Prod]|Any CPU.Build.0 = Debug|Any CPU
		{5F565DBD-D010-45F0-909F-C7B409A570ED}.Swapper|Any CPU.ActiveCfg = Debug|Any CPU
		{5F565DBD-D010-45F0-909F-C7B409A570ED}.Swapper|Any CPU.Build.0 = Debug|Any CPU
		{7F2E2374-2394-41FD-B482-0C1C9A6092B9}.Debug|Any CPU.ActiveCfg = Debug|Any CPU
		{7F2E2374-2394-41FD-B482-0C1C9A6092B9}.Debug|Any CPU.Build.0 = Debug|Any CPU
		{7F2E2374-2394-41FD-B482-0C1C9A6092B9}.kaede|Any CPU.ActiveCfg = Debug|Any CPU
		{7F2E2374-2394-41FD-B482-0C1C9A6092B9}.kaede|Any CPU.Build.0 = Debug|Any CPU
		{7F2E2374-2394-41FD-B482-0C1C9A6092B9}.Release|Any CPU.ActiveCfg = Release|Any CPU
		{7F2E2374-2394-41FD-B482-0C1C9A6092B9}.Release|Any CPU.Build.0 = Release|Any CPU
		{7F2E2374-2394-41FD-B482-0C1C9A6092B9}.Swapper [Prod]|Any CPU.ActiveCfg = Debug|Any CPU
		{7F2E2374-2394-41FD-B482-0C1C9A6092B9}.Swapper [Prod]|Any CPU.Build.0 = Debug|Any CPU
		{7F2E2374-2394-41FD-B482-0C1C9A6092B9}.Swapper|Any CPU.ActiveCfg = Debug|Any CPU
		{7F2E2374-2394-41FD-B482-0C1C9A6092B9}.Swapper|Any CPU.Build.0 = Debug|Any CPU
	EndGlobalSection
	GlobalSection(SolutionProperties) = preSolution
		HideSolutionNode = FALSE
	EndGlobalSection
	GlobalSection(ExtensibilityGlobals) = postSolution
		SolutionGuid = {59332455-4D80-4420-9AE4-8F2D9AD6E0E6}
	EndGlobalSection
EndGlobal
